
Microsoft Visual Studio Solution File, Format Version 12.00
# Visual Studio Version 16
VisualStudioVersion = 16.0.34031.81
MinimumVisualStudioVersion = 10.0.40219.1
Project("{F184B08F-C81C-45F6-A57F-5ABD9991F28F}") = "PLU_POWER_FCT", "PLU_POWER_FCT\PLU_POWER_FCT.vbproj", "{0820FF4C-1144-4F92-8867-4A46D05D8EC6}"
EndProject
Global
	GlobalSection(SolutionConfigurationPlatforms) = preSolution
		Debug|Any CPU = Debug|Any CPU
		Release|Any CPU = Release|Any CPU
	EndGlobalSection
	GlobalSection(ProjectConfigurationPlatforms) = postSolution
		{0820FF4C-1144-4F92-8867-4A46D05D8EC6}.Debug|Any CPU.ActiveCfg = Debug|Any CPU
		{0820FF4C-1144-4F92-8867-4A46D05D8EC6}.Debug|Any CPU.Build.0 = Debug|Any CPU
		{0820FF4C-1144-4F92-8867-4A46D05D8EC6}.Release|Any CPU.ActiveCfg = Release|Any CPU
		{0820FF4C-1144-4F92-8867-4A46D05D8EC6}.Release|Any CPU.Build.0 = Release|Any CPU
	EndGlobalSection
	GlobalSection(SolutionProperties) = preSolution
		HideSolutionNode = FALSE
	EndGlobalSection
	GlobalSection(ExtensibilityGlobals) = postSolution
		SolutionGuid = {E3B622DE-B9A5-446E-BA31-C6A0CB78B04A}
	EndGlobalSection
EndGlobal
